
Microsoft Visual Studio Solution File, Format Version 12.00
# Visual Studio Version 17
VisualStudioVersion = 17.10.35122.118
MinimumVisualStudioVersion = 10.0.40219.1
Project("{9A19103F-16F7-4668-BE54-9A1E7A4F7556}") = "StoryBlazeBack-End", "StoryBlaze\StoryBlazeBack-End.csproj", "{AA406952-C270-48FA-BD79-9B091B0C19B9}"
EndProject
Project("{FAE04EC0-301F-11D3-BF4B-00C04F79EFBC}") = "StoryBlazeServer", "StoryBlazeServer\StoryBlazeServer.csproj", "{7CC96929-C847-437B-A328-3FD91DE85FE4}"
EndProject
Global
	GlobalSection(SolutionConfigurationPlatforms) = preSolution
		Debug|Any CPU = Debug|Any CPU
		Release|Any CPU = Release|Any CPU
	EndGlobalSection
	GlobalSection(ProjectConfigurationPlatforms) = postSolution
		{AA406952-C270-48FA-BD79-9B091B0C19B9}.Debug|Any CPU.ActiveCfg = Debug|Any CPU
		{AA406952-C270-48FA-BD79-9B091B0C19B9}.Debug|Any CPU.Build.0 = Debug|Any CPU
		{AA406952-C270-48FA-BD79-9B091B0C19B9}.Release|Any CPU.ActiveCfg = Release|Any CPU
		{AA406952-C270-48FA-BD79-9B091B0C19B9}.Release|Any CPU.Build.0 = Release|Any CPU
		{7CC96929-C847-437B-A328-3FD91DE85FE4}.Debug|Any CPU.ActiveCfg = Debug|Any CPU
		{7CC96929-C847-437B-A328-3FD91DE85FE4}.Debug|Any CPU.Build.0 = Debug|Any CPU
		{7CC96929-C847-437B-A328-3FD91DE85FE4}.Release|Any CPU.ActiveCfg = Release|Any CPU
		{7CC96929-C847-437B-A328-3FD91DE85FE4}.Release|Any CPU.Build.0 = Release|Any CPU
	EndGlobalSection
	GlobalSection(SolutionProperties) = preSolution
		HideSolutionNode = FALSE
	EndGlobalSection
	GlobalSection(ExtensibilityGlobals) = postSolution
		SolutionGuid = {731B3B79-99D8-44A7-A51B-582441B810BC}
	EndGlobalSection
EndGlobal
